// !$*UTF8*$!
{
	archiveVersion = 1;
	classes = {
	};
	objectVersion = 55;
	objects = {

/* Begin PBXBuildFile section */
		C448E729280C11F600A99C5B /* AppDelegate.swift in Sources */ = {isa = PBXBuildFile; fileRef = C448E728280C11F600A99C5B /* AppDelegate.swift */; };
		C448E72B280C11F600A99C5B /* SceneDelegate.swift in Sources */ = {isa = PBXBuildFile; fileRef = C448E72A280C11F600A99C5B /* SceneDelegate.swift */; };
		C448E72D280C11F600A99C5B /* ViewController.swift in Sources */ = {isa = PBXBuildFile; fileRef = C448E72C280C11F600A99C5B /* ViewController.swift */; };
		C448E730280C11F600A99C5B /* Main.storyboard in Resources */ = {isa = PBXBuildFile; fileRef = C448E72E280C11F600A99C5B /* Main.storyboard */; };
		C448E732280C11FA00A99C5B /* Assets.xcassets in Resources */ = {isa = PBXBuildFile; fileRef = C448E731280C11FA00A99C5B /* Assets.xcassets */; };
		C448E735280C11FA00A99C5B /* LaunchScreen.storyboard in Resources */ = {isa = PBXBuildFile; fileRef = C448E733280C11FA00A99C5B /* LaunchScreen.storyboard */; };
		C4EB266E280C1BA9008C9F85 /* RxCocoa in Frameworks */ = {isa = PBXBuildFile; productRef = C4EB266D280C1BA9008C9F85 /* RxCocoa */; };
		C4EB2670280C1BA9008C9F85 /* RxRelay in Frameworks */ = {isa = PBXBuildFile; productRef = C4EB266F280C1BA9008C9F85 /* RxRelay */; };
		C4EB2672280C1BA9008C9F85 /* RxSwift in Frameworks */ = {isa = PBXBuildFile; productRef = C4EB2671280C1BA9008C9F85 /* RxSwift */; };
/* End PBXBuildFile section */

/* Begin PBXFileReference section */
		C448E725280C11F600A99C5B /* myCombine.app */ = {isa = PBXFileReference; explicitFileType = wrapper.application; includeInIndex = 0; path = myCombine.app; sourceTree = BUILT_PRODUCTS_DIR; };
		C448E728280C11F600A99C5B /* AppDelegate.swift */ = {isa = PBXFileReference; lastKnownFileType = sourcecode.swift; path = AppDelegate.swift; sourceTree = "<group>"; };
		C448E72A280C11F600A99C5B /* SceneDelegate.swift */ = {isa = PBXFileReference; lastKnownFileType = sourcecode.swift; path = SceneDelegate.swift; sourceTree = "<group>"; };
		C448E72C280C11F600A99C5B /* ViewController.swift */ = {isa = PBXFileReference; lastKnownFileType = sourcecode.swift; path = ViewController.swift; sourceTree = "<group>"; };
		C448E72F280C11F600A99C5B /* Base */ = {isa = PBXFileReference; lastKnownFileType = file.storyboard; name = Base; path = Base.lproj/Main.storyboard; sourceTree = "<group>"; };
		C448E731280C11FA00A99C5B /* Assets.xcassets */ = {isa = PBXFileReference; lastKnownFileType = folder.assetcatalog; path = Assets.xcassets; sourceTree = "<group>"; };
		C448E734280C11FA00A99C5B /* Base */ = {isa = PBXFileReference; lastKnownFileType = file.storyboard; name = Base; path = Base.lproj/LaunchScreen.storyboard; sourceTree = "<group>"; };
		C448E736280C11FA00A99C5B /* Info.plist */ = {isa = PBXFileReference; lastKnownFileType = text.plist.xml; path = Info.plist; sourceTree = "<group>"; };
/* End PBXFileReference section */

/* Begin PBXFrameworksBuildPhase section */
		C448E722280C11F600A99C5B /* Frameworks */ = {
			isa = PBXFrameworksBuildPhase;
			buildActionMask = 2147483647;
			files = (
				C4EB2672280C1BA9008C9F85 /* RxSwift in Frameworks */,
				C4EB2670280C1BA9008C9F85 /* RxRelay in Frameworks */,
				C4EB266E280C1BA9008C9F85 /* RxCocoa in Frameworks */,
			);
			runOnlyForDeploymentPostprocessing = 0;
		};
/* End PBXFrameworksBuildPhase section */

/* Begin PBXGroup section */
		C448E71C280C11F600A99C5B = {
			isa = PBXGroup;
			children = (
				C448E727280C11F600A99C5B /* myCombine */,
				C448E726280C11F600A99C5B /* Products */,
			);
			sourceTree = "<group>";
		};
		C448E726280C11F600A99C5B /* Products */ = {
			isa = PBXGroup;
			children = (
				C448E725280C11F600A99C5B /* myCombine.app */,
			);
			name = Products;
			sourceTree = "<group>";
		};
		C448E727280C11F600A99C5B /* myCombine */ = {
			isa = PBXGroup;
			children = (
				C448E728280C11F600A99C5B /* AppDelegate.swift */,
				C448E72A280C11F600A99C5B /* SceneDelegate.swift */,
				C448E72C280C11F600A99C5B /* ViewController.swift */,
				C448E72E280C11F600A99C5B /* Main.storyboard */,
				C448E731280C11FA00A99C5B /* Assets.xcassets */,
				C448E733280C11FA00A99C5B /* LaunchScreen.storyboard */,
				C448E736280C11FA00A99C5B /* Info.plist */,
			);
			path = myCombine;
			sourceTree = "<group>";
		};
/* End PBXGroup section */

/* Begin PBXNativeTarget section */
		C448E724280C11F600A99C5B /* myCombine */ = {
			isa = PBXNativeTarget;
			buildConfigurationList = C448E739280C11FA00A99C5B /* Build configuration list for PBXNativeTarget "myCombine" */;
			buildPhases = (
				C448E721280C11F600A99C5B /* Sources */,
				C448E722280C11F600A99C5B /* Frameworks */,
				C448E723280C11F600A99C5B /* Resources */,
			);
			buildRules = (
			);
			dependencies = (
			);
			name = myCombine;
			packageProductDependencies = (
				C4EB266D280C1BA9008C9F85 /* RxCocoa */,
				C4EB266F280C1BA9008C9F85 /* RxRelay */,
				C4EB2671280C1BA9008C9F85 /* RxSwift */,
			);
			productName = myCombine;
			productReference = C448E725280C11F600A99C5B /* myCombine.app */;
			productType = "com.apple.product-type.application";
		};
/* End PBXNativeTarget section */

/* Begin PBXProject section */
		C448E71D280C11F600A99C5B /* Project object */ = {
			isa = PBXProject;
			attributes = {
				BuildIndependentTargetsInParallel = 1;
				LastSwiftUpdateCheck = 1320;
				LastUpgradeCheck = 1320;
				TargetAttributes = {
					C448E724280C11F600A99C5B = {
						CreatedOnToolsVersion = 13.2.1;
					};
				};
			};
			buildConfigurationList = C448E720280C11F600A99C5B /* Build configuration list for PBXProject "myCombine" */;
			compatibilityVersion = "Xcode 13.0";
			developmentRegion = en;
			hasScannedForEncodings = 0;
			knownRegions = (
				en,
				Base,
			);
			mainGroup = C448E71C280C11F600A99C5B;
			packageReferences = (
				C4EB266C280C1BA9008C9F85 /* XCRemoteSwiftPackageReference "RxSwift" */,
			);
			productRefGroup = C448E726280C11F600A99C5B /* Products */;
			projectDirPath = "";
			projectRoot = "";
			targets = (
				C448E724280C11F600A99C5B /* myCombine */,
			);
		};
/* End PBXProject section */

/* Begin PBXResourcesBuildPhase section */
		C448E723280C11F600A99C5B /* Resources */ = {
			isa = PBXResourcesBuildPhase;
			buildActionMask = 2147483647;
			files = (
				C448E735280C11FA00A99C5B /* LaunchScreen.storyboard in Resources */,
				C448E732280C11FA00A99C5B /* Assets.xcassets in Resources */,
				C448E730280C11F600A99C5B /* Main.storyboard in Resources */,
			);
			runOnlyForDeploymentPostprocessing = 0;
		};
/* End PBXResourcesBuildPhase section */

/* Begin PBXSourcesBuildPhase section */
		C448E721280C11F600A99C5B /* Sources */ = {
			isa = PBXSourcesBuildPhase;
			buildActionMask = 2147483647;
			files = (
				C448E72D280C11F600A99C5B /* ViewController.swift in Sources */,
				C448E729280C11F600A99C5B /* AppDelegate.swift in Sources */,
				C448E72B280C11F600A99C5B /* SceneDelegate.swift in Sources */,
			);
			runOnlyForDeploymentPostprocessing = 0;
		};
/* End PBXSourcesBuildPhase section */

/* Begin PBXVariantGroup section */
		C448E72E280C11F600A99C5B /* Main.storyboard */ = {
			isa = PBXVariantGroup;
			children = (
				C448E72F280C11F600A99C5B /* Base */,
			);
			name = Main.storyboard;
			sourceTree = "<group>";
		};
		C448E733280C11FA00A99C5B /* LaunchScreen.storyboard */ = {
			isa = PBXVariantGroup;
			children = (
				C448E734280C11FA00A99C5B /* Base */,
			);
			name = LaunchScreen.storyboard;
			sourceTree = "<group>";
		};
/* End PBXVariantGroup section */

/* Begin XCBuildConfiguration section */
		C448E737280C11FA00A99C5B /* Debug */ = {
			isa = XCBuildConfiguration;
			buildSettings = {
				ALWAYS_SEARCH_USER_PATHS = NO;
				CLANG_ANALYZER_NONNULL = YES;
				CLANG_ANALYZER_NUMBER_OBJECT_CONVERSION = YES_AGGRESSIVE;
				CLANG_CXX_LANGUAGE_STANDARD = "gnu++17";
				CLANG_CXX_LIBRARY = "libc++";
				CLANG_ENABLE_MODULES = YES;
				CLANG_ENABLE_OBJC_ARC = YES;
				CLANG_ENABLE_OBJC_WEAK = YES;
				CLANG_WARN_BLOCK_CAPTURE_AUTORELEASING = YES;
				CLANG_WARN_BOOL_CONVERSION = YES;
				CLANG_WARN_COMMA = YES;
				CLANG_WARN_CONSTANT_CONVERSION = YES;
				CLANG_WARN_DEPRECATED_OBJC_IMPLEMENTATIONS = YES;
				CLANG_WARN_DIRECT_OBJC_ISA_USAGE = YES_ERROR;
				CLANG_WARN_DOCUMENTATION_COMMENTS = YES;
				CLANG_WARN_EMPTY_BODY = YES;
				CLANG_WARN_ENUM_CONVERSION = YES;
				CLANG_WARN_INFINITE_RECURSION = YES;
				CLANG_WARN_INT_CONVERSION = YES;
				CLANG_WARN_NON_LITERAL_NULL_CONVERSION = YES;
				CLANG_WARN_OBJC_IMPLICIT_RETAIN_SELF = YES;
				CLANG_WARN_OBJC_LITERAL_CONVERSION = YES;
				CLANG_WARN_OBJC_ROOT_CLASS = YES_ERROR;
				CLANG_WARN_QUOTED_INCLUDE_IN_FRAMEWORK_HEADER = YES;
				CLANG_WARN_RANGE_LOOP_ANALYSIS = YES;
				CLANG_WARN_STRICT_PROTOTYPES = YES;
				CLANG_WARN_SUSPICIOUS_MOVE = YES;
				CLANG_WARN_UNGUARDED_AVAILABILITY = YES_AGGRESSIVE;
				CLANG_WARN_UNREACHABLE_CODE = YES;
				CLANG_WARN__DUPLICATE_METHOD_MATCH = YES;
				COPY_PHASE_STRIP = NO;
				DEBUG_INFORMATION_FORMAT = dwarf;
				ENABLE_STRICT_OBJC_MSGSEND = YES;
				ENABLE_TESTABILITY = YES;
				GCC_C_LANGUAGE_STANDARD = gnu11;
				GCC_DYNAMIC_NO_PIC = NO;
				GCC_NO_COMMON_BLOCKS = YES;
				GCC_OPTIMIZATION_LEVEL = 0;
				GCC_PREPROCESSOR_DEFINITIONS = (
					"DEBUG=1",
					"$(inherited)",
				);
				GCC_WARN_64_TO_32_BIT_CONVERSION = YES;
				GCC_WARN_ABOUT_RETURN_TYPE = YES_ERROR;
				GCC_WARN_UNDECLARED_SELECTOR = YES;
				GCC_WARN_UNINITIALIZED_AUTOS = YES_AGGRESSIVE;
				GCC_WARN_UNUSED_FUNCTION = YES;
				GCC_WARN_UNUSED_VARIABLE = YES;
				IPHONEOS_DEPLOYMENT_TARGET = 15.2;
				MTL_ENABLE_DEBUG_INFO = INCLUDE_SOURCE;
				MTL_FAST_MATH = YES;
				ONLY_ACTIVE_ARCH = YES;
				SDKROOT = iphoneos;
				SWIFT_ACTIVE_COMPILATION_CONDITIONS = DEBUG;
				SWIFT_OPTIMIZATION_LEVEL = "-Onone";
			};
			name = Debug;
		};
		C448E738280C11FA00A99C5B /* Release */ = {
			isa = XCBuildConfiguration;
			buildSettings = {
				ALWAYS_SEARCH_USER_PATHS = NO;
				CLANG_ANALYZER_NONNULL = YES;
				CLANG_ANALYZER_NUMBER_OBJECT_CONVERSION = YES_AGGRESSIVE;
				CLANG_CXX_LANGUAGE_STANDARD = "gnu++17";
				CLANG_CXX_LIBRARY = "libc++";
				CLANG_ENABLE_MODULES = YES;
				CLANG_ENABLE_OBJC_ARC = YES;
				CLANG_ENABLE_OBJC_WEAK = YES;
				CLANG_WARN_BLOCK_CAPTURE_AUTORELEASING = YES;
				CLANG_WARN_BOOL_CONVERSION = YES;
				CLANG_WARN_COMMA = YES;
				CLANG_WARN_CONSTANT_CONVERSION = YES;
				CLANG_WARN_DEPRECATED_OBJC_IMPLEMENTATIONS = YES;
				CLANG_WARN_DIRECT_OBJC_ISA_USAGE = YES_ERROR;
				CLANG_WARN_DOCUMENTATION_COMMENTS = YES;
				CLANG_WARN_EMPTY_BODY = YES;
				CLANG_WARN_ENUM_CONVERSION = YES;
				CLANG_WARN_INFINITE_RECURSION = YES;
				CLANG_WARN_INT_CONVERSION = YES;
				CLANG_WARN_NON_LITERAL_NULL_CONVERSION = YES;
				CLANG_WARN_OBJC_IMPLICIT_RETAIN_SELF = YES;
				CLANG_WARN_OBJC_LITERAL_CONVERSION = YES;
				CLANG_WARN_OBJC_ROOT_CLASS = YES_ERROR;
				CLANG_WARN_QUOTED_INCLUDE_IN_FRAMEWORK_HEADER = YES;
				CLANG_WARN_RANGE_LOOP_ANALYSIS = YES;
				CLANG_WARN_STRICT_PROTOTYPES = YES;
				CLANG_WARN_SUSPICIOUS_MOVE = YES;
				CLANG_WARN_UNGUARDED_AVAILABILITY = YES_AGGRESSIVE;
				CLANG_WARN_UNREACHABLE_CODE = YES;
				CLANG_WARN__DUPLICATE_METHOD_MATCH = YES;
				COPY_PHASE_STRIP = NO;
				DEBUG_INFORMATION_FORMAT = "dwarf-with-dsym";
				ENABLE_NS_ASSERTIONS = NO;
				ENABLE_STRICT_OBJC_MSGSEND = YES;
				GCC_C_LANGUAGE_STANDARD = gnu11;
				GCC_NO_COMMON_BLOCKS = YES;
				GCC_WARN_64_TO_32_BIT_CONVERSION = YES;
				GCC_WARN_ABOUT_RETURN_TYPE = YES_ERROR;
				GCC_WARN_UNDECLARED_SELECTOR = YES;
				GCC_WARN_UNINITIALIZED_AUTOS = YES_AGGRESSIVE;
				GCC_WARN_UNUSED_FUNCTION = YES;
				GCC_WARN_UNUSED_VARIABLE = YES;
				IPHONEOS_DEPLOYMENT_TARGET = 15.2;
				MTL_ENABLE_DEBUG_INFO = NO;
				MTL_FAST_MATH = YES;
				SDKROOT = iphoneos;
				SWIFT_COMPILATION_MODE = wholemodule;
				SWIFT_OPTIMIZATION_LEVEL = "-O";
				VALIDATE_PRODUCT = YES;
			};
			name = Release;
		};
		C448E73A280C11FA00A99C5B /* Debug */ = {
			isa = XCBuildConfiguration;
			buildSettings = {
				ASSETCATALOG_COMPILER_APPICON_NAME = AppIcon;
				ASSETCATALOG_COMPILER_GLOBAL_ACCENT_COLOR_NAME = AccentColor;
				CODE_SIGN_STYLE = Automatic;
				CURRENT_PROJECT_VERSION = 1;
				DEVELOPMENT_TEAM = 5U3PVUK467;
				GENERATE_INFOPLIST_FILE = YES;
				INFOPLIST_FILE = myCombine/Info.plist;
				INFOPLIST_KEY_UIApplicationSupportsIndirectInputEvents = YES;
				INFOPLIST_KEY_UILaunchStoryboardName = LaunchScreen;
				INFOPLIST_KEY_UIMainStoryboardFile = Main;
				INFOPLIST_KEY_UISupportedInterfaceOrientations_iPad = "UIInterfaceOrientationPortrait UIInterfaceOrientationPortraitUpsideDown UIInterfaceOrientationLandscapeLeft UIInterfaceOrientationLandscapeRight";
				INFOPLIST_KEY_UISupportedInterfaceOrientations_iPhone = "UIInterfaceOrientationPortrait UIInterfaceOrientationLandscapeLeft UIInterfaceOrientationLandscapeRight";
				LD_RUNPATH_SEARCH_PATHS = (
					"$(inherited)",
					"@executable_path/Frameworks",
				);
				MARKETING_VERSION = 1.0;
				PRODUCT_BUNDLE_IDENTIFIER = "Iurii-Kotikhin.myCombine";
				PRODUCT_NAME = "$(TARGET_NAME)";
				SWIFT_EMIT_LOC_STRINGS = YES;
				SWIFT_VERSION = 5.0;
				TARGETED_DEVICE_FAMILY = "1,2";
			};
			name = Debug;
		};
		C448E73B280C11FA00A99C5B /* Release */ = {
			isa = XCBuildConfiguration;
			buildSettings = {
				ASSETCATALOG_COMPILER_APPICON_NAME = AppIcon;
				ASSETCATALOG_COMPILER_GLOBAL_ACCENT_COLOR_NAME = AccentColor;
				CODE_SIGN_STYLE = Automatic;
				CURRENT_PROJECT_VERSION = 1;
				DEVELOPMENT_TEAM = 5U3PVUK467;
				GENERATE_INFOPLIST_FILE = YES;
				INFOPLIST_FILE = myCombine/Info.plist;
				INFOPLIST_KEY_UIApplicationSupportsIndirectInputEvents = YES;
				INFOPLIST_KEY_UILaunchStoryboardName = LaunchScreen;
				INFOPLIST_KEY_UIMainStoryboardFile = Main;
				INFOPLIST_KEY_UISupportedInterfaceOrientations_iPad = "UIInterfaceOrientationPortrait UIInterfaceOrientationPortraitUpsideDown UIInterfaceOrientationLandscapeLeft UIInterfaceOrientationLandscapeRight";
				INFOPLIST_KEY_UISupportedInterfaceOrientations_iPhone = "UIInterfaceOrientationPortrait UIInterfaceOrientationLandscapeLeft UIInterfaceOrientationLandscapeRight";
				LD_RUNPATH_SEARCH_PATHS = (
					"$(inherited)",
					"@executable_path/Frameworks",
				);
				MARKETING_VERSION = 1.0;
				PRODUCT_BUNDLE_IDENTIFIER = "Iurii-Kotikhin.myCombine";
				PRODUCT_NAME = "$(TARGET_NAME)";
				SWIFT_EMIT_LOC_STRINGS = YES;
				SWIFT_VERSION = 5.0;
				TARGETED_DEVICE_FAMILY = "1,2";
			};
			name = Release;
		};
/* End XCBuildConfiguration section */

/* Begin XCConfigurationList section */
		C448E720280C11F600A99C5B /* Build configuration list for PBXProject "myCombine" */ = {
			isa = XCConfigurationList;
			buildConfigurations = (
				C448E737280C11FA00A99C5B /* Debug */,
				C448E738280C11FA00A99C5B /* Release */,
			);
			defaultConfigurationIsVisible = 0;
			defaultConfigurationName = Release;
		};
		C448E739280C11FA00A99C5B /* Build configuration list for PBXNativeTarget "myCombine" */ = {
			isa = XCConfigurationList;
			buildConfigurations = (
				C448E73A280C11FA00A99C5B /* Debug */,
				C448E73B280C11FA00A99C5B /* Release */,
			);
			defaultConfigurationIsVisible = 0;
			defaultConfigurationName = Release;
		};
/* End XCConfigurationList section */

/* Begin XCRemoteSwiftPackageReference section */
		C4EB266C280C1BA9008C9F85 /* XCRemoteSwiftPackageReference "RxSwift" */ = {
			isa = XCRemoteSwiftPackageReference;
			repositoryURL = "https://github.com/ReactiveX/RxSwift.git";
			requirement = {
				branch = main;
				kind = branch;
			};
		};
/* End XCRemoteSwiftPackageReference section */

/* Begin XCSwiftPackageProductDependency section */
		C4EB266D280C1BA9008C9F85 /* RxCocoa */ = {
			isa = XCSwiftPackageProductDependency;
			package = C4EB266C280C1BA9008C9F85 /* XCRemoteSwiftPackageReference "RxSwift" */;
			productName = RxCocoa;
		};
		C4EB266F280C1BA9008C9F85 /* RxRelay */ = {
			isa = XCSwiftPackageProductDependency;
			package = C4EB266C280C1BA9008C9F85 /* XCRemoteSwiftPackageReference "RxSwift" */;
			productName = RxRelay;
		};
		C4EB2671280C1BA9008C9F85 /* RxSwift */ = {
			isa = XCSwiftPackageProductDependency;
			package = C4EB266C280C1BA9008C9F85 /* XCRemoteSwiftPackageReference "RxSwift" */;
			productName = RxSwift;
		};
/* End XCSwiftPackageProductDependency section */
	};
	rootObject = C448E71D280C11F600A99C5B /* Project object */;
}
